
Microsoft Visual Studio Solution File, Format Version 12.00
# Visual Studio Version 16
VisualStudioVersion = 16.0.30907.101
MinimumVisualStudioVersion = 10.0.40219.1
Project("{9A19103F-16F7-4668-BE54-9A1E7A4F7556}") = "TuristickaAgencijaWebAPI", "TuristickaAgencijaWebAPI\TuristickaAgencijaWebAPI.csproj", "{79819571-2C1B-4C80-8BB9-4CAE765B3B32}"
EndProject
Project("{9A19103F-16F7-4668-BE54-9A1E7A4F7556}") = "TuristickaAgencija.Model", "TuristickaAgencija.Model\TuristickaAgencija.Model.csproj", "{F6610542-ED35-45E2-B6BC-7E29348B4A3A}"
EndProject
Project("{2150E333-8FDC-42A3-9474-1A3956D46DE8}") = "UI", "UI", "{CE0FB92E-13FB-4690-98AC-A6EFDAFAD0F5}"
EndProject
Project("{FAE04EC0-301F-11D3-BF4B-00C04F79EFBC}") = "TuristickaAgencija.WinUI", "TuristickaAgencija.WinUI\TuristickaAgencija.WinUI.csproj", "{7E77DD53-B215-40EE-9257-4B30CB08D1F1}"
EndProject
Project("{2150E333-8FDC-42A3-9474-1A3956D46DE8}") = "Mobile", "Mobile", "{98B8CF57-0D5E-4E5C-90CA-7A5F77BD0285}"
EndProject
Project("{FAE04EC0-301F-11D3-BF4B-00C04F79EFBC}") = "TuristickaAgencija.Mobile.UWP", "TuristickaAgencija.Mobile\TuristickaAgencija.Mobile.UWP\TuristickaAgencija.Mobile.UWP.csproj", "{0EE4764F-A069-404D-8801-7150CA111E91}"
EndProject
Project("{FAE04EC0-301F-11D3-BF4B-00C04F79EFBC}") = "TuristickaAgencija.Mobile.Android", "TuristickaAgencija.Mobile\TuristickaAgencija.Mobile.Android\TuristickaAgencija.Mobile.Android.csproj", "{D8E2DADC-6E0B-4A5B-BBA0-B47BAD41E70E}"
EndProject
Project("{FAE04EC0-301F-11D3-BF4B-00C04F79EFBC}") = "TuristickaAgencija.Mobile.iOS", "TuristickaAgencija.Mobile\TuristickaAgencija.Mobile.iOS\TuristickaAgencija.Mobile.iOS.csproj", "{C7608BA4-6FC2-4644-A41B-08D5B0A0D4C2}"
EndProject
Project("{9A19103F-16F7-4668-BE54-9A1E7A4F7556}") = "TuristickaAgencija.Mobile", "TuristickaAgencija.Mobile\TuristickaAgencija.Mobile\TuristickaAgencija.Mobile.csproj", "{0BECF65B-3220-41CB-8F4C-86E0A2040513}"
EndProject
Global
	GlobalSection(SolutionConfigurationPlatforms) = preSolution
		Debug|Any CPU = Debug|Any CPU
		Debug|ARM = Debug|ARM
		Debug|ARM64 = Debug|ARM64
		Debug|iPhone = Debug|iPhone
		Debug|iPhoneSimulator = Debug|iPhoneSimulator
		Debug|x64 = Debug|x64
		Debug|x86 = Debug|x86
		Release|Any CPU = Release|Any CPU
		Release|ARM = Release|ARM
		Release|ARM64 = Release|ARM64
		Release|iPhone = Release|iPhone
		Release|iPhoneSimulator = Release|iPhoneSimulator
		Release|x64 = Release|x64
		Release|x86 = Release|x86
	EndGlobalSection
	GlobalSection(ProjectConfigurationPlatforms) = postSolution
		{79819571-2C1B-4C80-8BB9-4CAE765B3B32}.Debug|Any CPU.ActiveCfg = Debug|Any CPU
		{79819571-2C1B-4C80-8BB9-4CAE765B3B32}.Debug|Any CPU.Build.0 = Debug|Any CPU
		{79819571-2C1B-4C80-8BB9-4CAE765B3B32}.Debug|ARM.ActiveCfg = Debug|Any CPU
		{79819571-2C1B-4C80-8BB9-4CAE765B3B32}.Debug|ARM.Build.0 = Debug|Any CPU
		{79819571-2C1B-4C80-8BB9-4CAE765B3B32}.Debug|ARM64.ActiveCfg = Debug|Any CPU
		{79819571-2C1B-4C80-8BB9-4CAE765B3B32}.Debug|ARM64.Build.0 = Debug|Any CPU
		{79819571-2C1B-4C80-8BB9-4CAE765B3B32}.Debug|iPhone.ActiveCfg = Debug|Any CPU
		{79819571-2C1B-4C80-8BB9-4CAE765B3B32}.Debug|iPhone.Build.0 = Debug|Any CPU
		{79819571-2C1B-4C80-8BB9-4CAE765B3B32}.Debug|iPhoneSimulator.ActiveCfg = Debug|Any CPU
		{79819571-2C1B-4C80-8BB9-4CAE765B3B32}.Debug|iPhoneSimulator.Build.0 = Debug|Any CPU
		{79819571-2C1B-4C80-8BB9-4CAE765B3B32}.Debug|x64.ActiveCfg = Debug|Any CPU
		{79819571-2C1B-4C80-8BB9-4CAE765B3B32}.Debug|x64.Build.0 = Debug|Any CPU
		{79819571-2C1B-4C80-8BB9-4CAE765B3B32}.Debug|x86.ActiveCfg = Debug|Any CPU
		{79819571-2C1B-4C80-8BB9-4CAE765B3B32}.Debug|x86.Build.0 = Debug|Any CPU
		{79819571-2C1B-4C80-8BB9-4CAE765B3B32}.Release|Any CPU.ActiveCfg = Release|Any CPU
		{79819571-2C1B-4C80-8BB9-4CAE765B3B32}.Release|Any CPU.Build.0 = Release|Any CPU
		{79819571-2C1B-4C80-8BB9-4CAE765B3B32}.Release|ARM.ActiveCfg = Release|Any CPU
		{79819571-2C1B-4C80-8BB9-4CAE765B3B32}.Release|ARM.Build.0 = Release|Any CPU
		{79819571-2C1B-4C80-8BB9-4CAE765B3B32}.Release|ARM64.ActiveCfg = Release|Any CPU
		{79819571-2C1B-4C80-8BB9-4CAE765B3B32}.Release|ARM64.Build.0 = Release|Any CPU
		{79819571-2C1B-4C80-8BB9-4CAE765B3B32}.Release|iPhone.ActiveCfg = Release|Any CPU
		{79819571-2C1B-4C80-8BB9-4CAE765B3B32}.Release|iPhone.Build.0 = Release|Any CPU
		{79819571-2C1B-4C80-8BB9-4CAE765B3B32}.Release|iPhoneSimulator.ActiveCfg = Release|Any CPU
		{79819571-2C1B-4C80-8BB9-4CAE765B3B32}.Release|iPhoneSimulator.Build.0 = Release|Any CPU
		{79819571-2C1B-4C80-8BB9-4CAE765B3B32}.Release|x64.ActiveCfg = Release|Any CPU
		{79819571-2C1B-4C80-8BB9-4CAE765B3B32}.Release|x64.Build.0 = Release|Any CPU
		{79819571-2C1B-4C80-8BB9-4CAE765B3B32}.Release|x86.ActiveCfg = Release|Any CPU
		{79819571-2C1B-4C80-8BB9-4CAE765B3B32}.Release|x86.Build.0 = Release|Any CPU
		{F6610542-ED35-45E2-B6BC-7E29348B4A3A}.Debug|Any CPU.ActiveCfg = Debug|Any CPU
		{F6610542-ED35-45E2-B6BC-7E29348B4A3A}.Debug|Any CPU.Build.0 = Debug|Any CPU
		{F6610542-ED35-45E2-B6BC-7E29348B4A3A}.Debug|ARM.ActiveCfg = Debug|Any CPU
		{F6610542-ED35-45E2-B6BC-7E29348B4A3A}.Debug|ARM.Build.0 = Debug|Any CPU
		{F6610542-ED35-45E2-B6BC-7E29348B4A3A}.Debug|ARM64.ActiveCfg = Debug|Any CPU
		{F6610542-ED35-45E2-B6BC-7E29348B4A3A}.Debug|ARM64.Build.0 = Debug|Any CPU
		{F6610542-ED35-45E2-B6BC-7E29348B4A3A}.Debug|iPhone.ActiveCfg = Debug|Any CPU
		{F6610542-ED35-45E2-B6BC-7E29348B4A3A}.Debug|iPhone.Build.0 = Debug|Any CPU
		{F6610542-ED35-45E2-B6BC-7E29348B4A3A}.Debug|iPhoneSimulator.ActiveCfg = Debug|Any CPU
		{F6610542-ED35-45E2-B6BC-7E29348B4A3A}.Debug|iPhoneSimulator.Build.0 = Debug|Any CPU
		{F6610542-ED35-45E2-B6BC-7E29348B4A3A}.Debug|x64.ActiveCfg = Debug|Any CPU
		{F6610542-ED35-45E2-B6BC-7E29348B4A3A}.Debug|x64.Build.0 = Debug|Any CPU
		{F6610542-ED35-45E2-B6BC-7E29348B4A3A}.Debug|x86.ActiveCfg = Debug|Any CPU
		{F6610542-ED35-45E2-B6BC-7E29348B4A3A}.Debug|x86.Build.0 = Debug|Any CPU
		{F6610542-ED35-45E2-B6BC-7E29348B4A3A}.Release|Any CPU.ActiveCfg = Release|Any CPU
		{F6610542-ED35-45E2-B6BC-7E29348B4A3A}.Release|Any CPU.Build.0 = Release|Any CPU
		{F6610542-ED35-45E2-B6BC-7E29348B4A3A}.Release|ARM.ActiveCfg = Release|Any CPU
		{F6610542-ED35-45E2-B6BC-7E29348B4A3A}.Release|ARM.Build.0 = Release|Any CPU
		{F6610542-ED35-45E2-B6BC-7E29348B4A3A}.Release|ARM64.ActiveCfg = Release|Any CPU
		{F6610542-ED35-45E2-B6BC-7E29348B4A3A}.Release|ARM64.Build.0 = Release|Any CPU
		{F6610542-ED35-45E2-B6BC-7E29348B4A3A}.Release|iPhone.ActiveCfg = Release|Any CPU
		{F6610542-ED35-45E2-B6BC-7E29348B4A3A}.Release|iPhone.Build.0 = Release|Any CPU
		{F6610542-ED35-45E2-B6BC-7E29348B4A3A}.Release|iPhoneSimulator.ActiveCfg = Release|Any CPU
		{F6610542-ED35-45E2-B6BC-7E29348B4A3A}.Release|iPhoneSimulator.Build.0 = Release|Any CPU
		{F6610542-ED35-45E2-B6BC-7E29348B4A3A}.Release|x64.ActiveCfg = Release|Any CPU
		{F6610542-ED35-45E2-B6BC-7E29348B4A3A}.Release|x64.Build.0 = Release|Any CPU
		{F6610542-ED35-45E2-B6BC-7E29348B4A3A}.Release|x86.ActiveCfg = Release|Any CPU
		{F6610542-ED35-45E2-B6BC-7E29348B4A3A}.Release|x86.Build.0 = Release|Any CPU
		{7E77DD53-B215-40EE-9257-4B30CB08D1F1}.Debug|Any CPU.ActiveCfg = Debug|Any CPU
		{7E77DD53-B215-40EE-9257-4B30CB08D1F1}.Debug|Any CPU.Build.0 = Debug|Any CPU
		{7E77DD53-B215-40EE-9257-4B30CB08D1F1}.Debug|ARM.ActiveCfg = Debug|Any CPU
		{7E77DD53-B215-40EE-9257-4B30CB08D1F1}.Debug|ARM.Build.0 = Debug|Any CPU
		{7E77DD53-B215-40EE-9257-4B30CB08D1F1}.Debug|ARM64.ActiveCfg = Debug|Any CPU
		{7E77DD53-B215-40EE-9257-4B30CB08D1F1}.Debug|ARM64.Build.0 = Debug|Any CPU
		{7E77DD53-B215-40EE-9257-4B30CB08D1F1}.Debug|iPhone.ActiveCfg = Debug|Any CPU
		{7E77DD53-B215-40EE-9257-4B30CB08D1F1}.Debug|iPhone.Build.0 = Debug|Any CPU
		{7E77DD53-B215-40EE-9257-4B30CB08D1F1}.Debug|iPhoneSimulator.ActiveCfg = Debug|Any CPU
		{7E77DD53-B215-40EE-9257-4B30CB08D1F1}.Debug|iPhoneSimulator.Build.0 = Debug|Any CPU
		{7E77DD53-B215-40EE-9257-4B30CB08D1F1}.Debug|x64.ActiveCfg = Debug|Any CPU
		{7E77DD53-B215-40EE-9257-4B30CB08D1F1}.Debug|x64.Build.0 = Debug|Any CPU
		{7E77DD53-B215-40EE-9257-4B30CB08D1F1}.Debug|x86.ActiveCfg = Debug|Any CPU
		{7E77DD53-B215-40EE-9257-4B30CB08D1F1}.Debug|x86.Build.0 = Debug|Any CPU
		{7E77DD53-B215-40EE-9257-4B30CB08D1F1}.Release|Any CPU.ActiveCfg = Release|Any CPU
		{7E77DD53-B215-40EE-9257-4B30CB08D1F1}.Release|Any CPU.Build.0 = Release|Any CPU
		{7E77DD53-B215-40EE-9257-4B30CB08D1F1}.Release|ARM.ActiveCfg = Release|Any CPU
		{7E77DD53-B215-40EE-9257-4B30CB08D1F1}.Release|ARM.Build.0 = Release|Any CPU
		{7E77DD53-B215-40EE-9257-4B30CB08D1F1}.Release|ARM64.ActiveCfg = Release|Any CPU
		{7E77DD53-B215-40EE-9257-4B30CB08D1F1}.Release|ARM64.Build.0 = Release|Any CPU
		{7E77DD53-B215-40EE-9257-4B30CB08D1F1}.Release|iPhone.ActiveCfg = Release|Any CPU
		{7E77DD53-B215-40EE-9257-4B30CB08D1F1}.Release|iPhone.Build.0 = Release|Any CPU
		{7E77DD53-B215-40EE-9257-4B30CB08D1F1}.Release|iPhoneSimulator.ActiveCfg = Release|Any CPU
		{7E77DD53-B215-40EE-9257-4B30CB08D1F1}.Release|iPhoneSimulator.Build.0 = Release|Any CPU
		{7E77DD53-B215-40EE-9257-4B30CB08D1F1}.Release|x64.ActiveCfg = Release|Any CPU
		{7E77DD53-B215-40EE-9257-4B30CB08D1F1}.Release|x64.Build.0 = Release|Any CPU
		{7E77DD53-B215-40EE-9257-4B30CB08D1F1}.Release|x86.ActiveCfg = Release|Any CPU
		{7E77DD53-B215-40EE-9257-4B30CB08D1F1}.Release|x86.Build.0 = Release|Any CPU
		{0EE4764F-A069-404D-8801-7150CA111E91}.Debug|Any CPU.ActiveCfg = Debug|x86
		{0EE4764F-A069-404D-8801-7150CA111E91}.Debug|Any CPU.Build.0 = Debug|x86
		{0EE4764F-A069-404D-8801-7150CA111E91}.Debug|Any CPU.Deploy.0 = Debug|x86
		{0EE4764F-A069-404D-8801-7150CA111E91}.Debug|ARM.ActiveCfg = Debug|ARM
		{0EE4764F-A069-404D-8801-7150CA111E91}.Debug|ARM.Build.0 = Debug|ARM
		{0EE4764F-A069-404D-8801-7150CA111E91}.Debug|ARM.Deploy.0 = Debug|ARM
		{0EE4764F-A069-404D-8801-7150CA111E91}.Debug|ARM64.ActiveCfg = Debug|x86
		{0EE4764F-A069-404D-8801-7150CA111E91}.Debug|iPhone.ActiveCfg = Debug|x86
		{0EE4764F-A069-404D-8801-7150CA111E91}.Debug|iPhoneSimulator.ActiveCfg = Debug|x86
		{0EE4764F-A069-404D-8801-7150CA111E91}.Debug|x64.ActiveCfg = Debug|x64
		{0EE4764F-A069-404D-8801-7150CA111E91}.Debug|x64.Build.0 = Debug|x64
		{0EE4764F-A069-404D-8801-7150CA111E91}.Debug|x64.Deploy.0 = Debug|x64
		{0EE4764F-A069-404D-8801-7150CA111E91}.Debug|x86.ActiveCfg = Debug|x86
		{0EE4764F-A069-404D-8801-7150CA111E91}.Debug|x86.Build.0 = Debug|x86
		{0EE4764F-A069-404D-8801-7150CA111E91}.Debug|x86.Deploy.0 = Debug|x86
		{0EE4764F-A069-404D-8801-7150CA111E91}.Release|Any CPU.ActiveCfg = Release|x86
		{0EE4764F-A069-404D-8801-7150CA111E91}.Release|ARM.ActiveCfg = Release|ARM
		{0EE4764F-A069-404D-8801-7150CA111E91}.Release|ARM.Build.0 = Release|ARM
		{0EE4764F-A069-404D-8801-7150CA111E91}.Release|ARM.Deploy.0 = Release|ARM
		{0EE4764F-A069-404D-8801-7150CA111E91}.Release|ARM64.ActiveCfg = Release|x86
		{0EE4764F-A069-404D-8801-7150CA111E91}.Release|iPhone.ActiveCfg = Release|x86
		{0EE4764F-A069-404D-8801-7150CA111E91}.Release|iPhoneSimulator.ActiveCfg = Release|x86
		{0EE4764F-A069-404D-8801-7150CA111E91}.Release|x64.ActiveCfg = Release|x64
		{0EE4764F-A069-404D-8801-7150CA111E91}.Release|x64.Build.0 = Release|x64
		{0EE4764F-A069-404D-8801-7150CA111E91}.Release|x64.Deploy.0 = Release|x64
		{0EE4764F-A069-404D-8801-7150CA111E91}.Release|x86.ActiveCfg = Release|x86
		{0EE4764F-A069-404D-8801-7150CA111E91}.Release|x86.Build.0 = Release|x86
		{0EE4764F-A069-404D-8801-7150CA111E91}.Release|x86.Deploy.0 = Release|x86
		{D8E2DADC-6E0B-4A5B-BBA0-B47BAD41E70E}.Debug|Any CPU.ActiveCfg = Debug|Any CPU
		{D8E2DADC-6E0B-4A5B-BBA0-B47BAD41E70E}.Debug|Any CPU.Build.0 = Debug|Any CPU
		{D8E2DADC-6E0B-4A5B-BBA0-B47BAD41E70E}.Debug|Any CPU.Deploy.0 = Debug|Any CPU
		{D8E2DADC-6E0B-4A5B-BBA0-B47BAD41E70E}.Debug|ARM.ActiveCfg = Debug|Any CPU
		{D8E2DADC-6E0B-4A5B-BBA0-B47BAD41E70E}.Debug|ARM.Build.0 = Debug|Any CPU
		{D8E2DADC-6E0B-4A5B-BBA0-B47BAD41E70E}.Debug|ARM.Deploy.0 = Debug|Any CPU
		{D8E2DADC-6E0B-4A5B-BBA0-B47BAD41E70E}.Debug|ARM64.ActiveCfg = Debug|Any CPU
		{D8E2DADC-6E0B-4A5B-BBA0-B47BAD41E70E}.Debug|ARM64.Build.0 = Debug|Any CPU
		{D8E2DADC-6E0B-4A5B-BBA0-B47BAD41E70E}.Debug|ARM64.Deploy.0 = Debug|Any CPU
		{D8E2DADC-6E0B-4A5B-BBA0-B47BAD41E70E}.Debug|iPhone.ActiveCfg = Debug|Any CPU
		{D8E2DADC-6E0B-4A5B-BBA0-B47BAD41E70E}.Debug|iPhone.Build.0 = Debug|Any CPU
		{D8E2DADC-6E0B-4A5B-BBA0-B47BAD41E70E}.Debug|iPhone.Deploy.0 = Debug|Any CPU
		{D8E2DADC-6E0B-4A5B-BBA0-B47BAD41E70E}.Debug|iPhoneSimulator.ActiveCfg = Debug|Any CPU
		{D8E2DADC-6E0B-4A5B-BBA0-B47BAD41E70E}.Debug|iPhoneSimulator.Build.0 = Debug|Any CPU
		{D8E2DADC-6E0B-4A5B-BBA0-B47BAD41E70E}.Debug|iPhoneSimulator.Deploy.0 = Debug|Any CPU
		{D8E2DADC-6E0B-4A5B-BBA0-B47BAD41E70E}.Debug|x64.ActiveCfg = Debug|Any CPU
		{D8E2DADC-6E0B-4A5B-BBA0-B47BAD41E70E}.Debug|x64.Build.0 = Debug|Any CPU
		{D8E2DADC-6E0B-4A5B-BBA0-B47BAD41E70E}.Debug|x64.Deploy.0 = Debug|Any CPU
		{D8E2DADC-6E0B-4A5B-BBA0-B47BAD41E70E}.Debug|x86.ActiveCfg = Debug|Any CPU
		{D8E2DADC-6E0B-4A5B-BBA0-B47BAD41E70E}.Debug|x86.Build.0 = Debug|Any CPU
		{D8E2DADC-6E0B-4A5B-BBA0-B47BAD41E70E}.Debug|x86.Deploy.0 = Debug|Any CPU
		{D8E2DADC-6E0B-4A5B-BBA0-B47BAD41E70E}.Release|Any CPU.ActiveCfg = Release|Any CPU
		{D8E2DADC-6E0B-4A5B-BBA0-B47BAD41E70E}.Release|Any CPU.Build.0 = Release|Any CPU
		{D8E2DADC-6E0B-4A5B-BBA0-B47BAD41E70E}.Release|Any CPU.Deploy.0 = Release|Any CPU
		{D8E2DADC-6E0B-4A5B-BBA0-B47BAD41E70E}.Release|ARM.ActiveCfg = Release|Any CPU
		{D8E2DADC-6E0B-4A5B-BBA0-B47BAD41E70E}.Release|ARM.Build.0 = Release|Any CPU
		{D8E2DADC-6E0B-4A5B-BBA0-B47BAD41E70E}.Release|ARM.Deploy.0 = Release|Any CPU
		{D8E2DADC-6E0B-4A5B-BBA0-B47BAD41E70E}.Release|ARM64.ActiveCfg = Release|Any CPU
		{D8E2DADC-6E0B-4A5B-BBA0-B47BAD41E70E}.Release|ARM64.Build.0 = Release|Any CPU
		{D8E2DADC-6E0B-4A5B-BBA0-B47BAD41E70E}.Release|ARM64.Deploy.0 = Release|Any CPU
		{D8E2DADC-6E0B-4A5B-BBA0-B47BAD41E70E}.Release|iPhone.ActiveCfg = Release|Any CPU
		{D8E2DADC-6E0B-4A5B-BBA0-B47BAD41E70E}.Release|iPhone.Build.0 = Release|Any CPU
		{D8E2DADC-6E0B-4A5B-BBA0-B47BAD41E70E}.Release|iPhone.Deploy.0 = Release|Any CPU
		{D8E2DADC-6E0B-4A5B-BBA0-B47BAD41E70E}.Release|iPhoneSimulator.ActiveCfg = Release|Any CPU
		{D8E2DADC-6E0B-4A5B-BBA0-B47BAD41E70E}.Release|iPhoneSimulator.Build.0 = Release|Any CPU
		{D8E2DADC-6E0B-4A5B-BBA0-B47BAD41E70E}.Release|iPhoneSimulator.Deploy.0 = Release|Any CPU
		{D8E2DADC-6E0B-4A5B-BBA0-B47BAD41E70E}.Release|x64.ActiveCfg = Release|Any CPU
		{D8E2DADC-6E0B-4A5B-BBA0-B47BAD41E70E}.Release|x64.Build.0 = Release|Any CPU
		{D8E2DADC-6E0B-4A5B-BBA0-B47BAD41E70E}.Release|x64.Deploy.0 = Release|Any CPU
		{D8E2DADC-6E0B-4A5B-BBA0-B47BAD41E70E}.Release|x86.ActiveCfg = Release|Any CPU
		{D8E2DADC-6E0B-4A5B-BBA0-B47BAD41E70E}.Release|x86.Build.0 = Release|Any CPU
		{D8E2DADC-6E0B-4A5B-BBA0-B47BAD41E70E}.Release|x86.Deploy.0 = Release|Any CPU
		{C7608BA4-6FC2-4644-A41B-08D5B0A0D4C2}.Debug|Any CPU.ActiveCfg = Debug|iPhoneSimulator
		{C7608BA4-6FC2-4644-A41B-08D5B0A0D4C2}.Debug|ARM.ActiveCfg = Debug|iPhoneSimulator
		{C7608BA4-6FC2-4644-A41B-08D5B0A0D4C2}.Debug|ARM64.ActiveCfg = Debug|iPhoneSimulator
		{C7608BA4-6FC2-4644-A41B-08D5B0A0D4C2}.Debug|iPhone.ActiveCfg = Debug|iPhone
		{C7608BA4-6FC2-4644-A41B-08D5B0A0D4C2}.Debug|iPhone.Build.0 = Debug|iPhone
		{C7608BA4-6FC2-4644-A41B-08D5B0A0D4C2}.Debug|iPhoneSimulator.ActiveCfg = Debug|iPhoneSimulator
		{C7608BA4-6FC2-4644-A41B-08D5B0A0D4C2}.Debug|iPhoneSimulator.Build.0 = Debug|iPhoneSimulator
		{C7608BA4-6FC2-4644-A41B-08D5B0A0D4C2}.Debug|x64.ActiveCfg = Debug|iPhoneSimulator
		{C7608BA4-6FC2-4644-A41B-08D5B0A0D4C2}.Debug|x86.ActiveCfg = Debug|iPhoneSimulator
		{C7608BA4-6FC2-4644-A41B-08D5B0A0D4C2}.Release|Any CPU.ActiveCfg = Release|iPhoneSimulator
		{C7608BA4-6FC2-4644-A41B-08D5B0A0D4C2}.Release|ARM.ActiveCfg = Release|iPhoneSimulator
		{C7608BA4-6FC2-4644-A41B-08D5B0A0D4C2}.Release|ARM64.ActiveCfg = Release|iPhoneSimulator
		{C7608BA4-6FC2-4644-A41B-08D5B0A0D4C2}.Release|iPhone.ActiveCfg = Release|iPhone
		{C7608BA4-6FC2-4644-A41B-08D5B0A0D4C2}.Release|iPhone.Build.0 = Release|iPhone
		{C7608BA4-6FC2-4644-A41B-08D5B0A0D4C2}.Release|iPhoneSimulator.ActiveCfg = Release|iPhoneSimulator
		{C7608BA4-6FC2-4644-A41B-08D5B0A0D4C2}.Release|iPhoneSimulator.Build.0 = Release|iPhoneSimulator
		{C7608BA4-6FC2-4644-A41B-08D5B0A0D4C2}.Release|x64.ActiveCfg = Release|iPhoneSimulator
		{C7608BA4-6FC2-4644-A41B-08D5B0A0D4C2}.Release|x86.ActiveCfg = Release|iPhoneSimulator
		{0BECF65B-3220-41CB-8F4C-86E0A2040513}.Debug|Any CPU.ActiveCfg = Debug|Any CPU
		{0BECF65B-3220-41CB-8F4C-86E0A2040513}.Debug|Any CPU.Build.0 = Debug|Any CPU
		{0BECF65B-3220-41CB-8F4C-86E0A2040513}.Debug|ARM.ActiveCfg = Debug|Any CPU
		{0BECF65B-3220-41CB-8F4C-86E0A2040513}.Debug|ARM.Build.0 = Debug|Any CPU
		{0BECF65B-3220-41CB-8F4C-86E0A2040513}.Debug|ARM64.ActiveCfg = Debug|Any CPU
		{0BECF65B-3220-41CB-8F4C-86E0A2040513}.Debug|ARM64.Build.0 = Debug|Any CPU
		{0BECF65B-3220-41CB-8F4C-86E0A2040513}.Debug|iPhone.ActiveCfg = Debug|Any CPU
		{0BECF65B-3220-41CB-8F4C-86E0A2040513}.Debug|iPhone.Build.0 = Debug|Any CPU
		{0BECF65B-3220-41CB-8F4C-86E0A2040513}.Debug|iPhoneSimulator.ActiveCfg = Debug|Any CPU
		{0BECF65B-3220-41CB-8F4C-86E0A2040513}.Debug|iPhoneSimulator.Build.0 = Debug|Any CPU
		{0BECF65B-3220-41CB-8F4C-86E0A2040513}.Debug|x64.ActiveCfg = Debug|Any CPU
		{0BECF65B-3220-41CB-8F4C-86E0A2040513}.Debug|x64.Build.0 = Debug|Any CPU
		{0BECF65B-3220-41CB-8F4C-86E0A2040513}.Debug|x86.ActiveCfg = Debug|Any CPU
		{0BECF65B-3220-41CB-8F4C-86E0A2040513}.Debug|x86.Build.0 = Debug|Any CPU
		{0BECF65B-3220-41CB-8F4C-86E0A2040513}.Release|Any CPU.ActiveCfg = Release|Any CPU
		{0BECF65B-3220-41CB-8F4C-86E0A2040513}.Release|Any CPU.Build.0 = Release|Any CPU
		{0BECF65B-3220-41CB-8F4C-86E0A2040513}.Release|ARM.ActiveCfg = Release|Any CPU
		{0BECF65B-3220-41CB-8F4C-86E0A2040513}.Release|ARM.Build.0 = Release|Any CPU
		{0BECF65B-3220-41CB-8F4C-86E0A2040513}.Release|ARM64.ActiveCfg = Release|Any CPU
		{0BECF65B-3220-41CB-8F4C-86E0A2040513}.Release|ARM64.Build.0 = Release|Any CPU
		{0BECF65B-3220-41CB-8F4C-86E0A2040513}.Release|iPhone.ActiveCfg = Release|Any CPU
		{0BECF65B-3220-41CB-8F4C-86E0A2040513}.Release|iPhone.Build.0 = Release|Any CPU
		{0BECF65B-3220-41CB-8F4C-86E0A2040513}.Release|iPhoneSimulator.ActiveCfg = Release|Any CPU
		{0BECF65B-3220-41CB-8F4C-86E0A2040513}.Release|iPhoneSimulator.Build.0 = Release|Any CPU
		{0BECF65B-3220-41CB-8F4C-86E0A2040513}.Release|x64.ActiveCfg = Release|Any CPU
		{0BECF65B-3220-41CB-8F4C-86E0A2040513}.Release|x64.Build.0 = Release|Any CPU
		{0BECF65B-3220-41CB-8F4C-86E0A2040513}.Release|x86.ActiveCfg = Release|Any CPU
		{0BECF65B-3220-41CB-8F4C-86E0A2040513}.Release|x86.Build.0 = Release|Any CPU
	EndGlobalSection
	GlobalSection(SolutionProperties) = preSolution
		HideSolutionNode = FALSE
	EndGlobalSection
	GlobalSection(NestedProjects) = preSolution
		{7E77DD53-B215-40EE-9257-4B30CB08D1F1} = {CE0FB92E-13FB-4690-98AC-A6EFDAFAD0F5}
		{0EE4764F-A069-404D-8801-7150CA111E91} = {98B8CF57-0D5E-4E5C-90CA-7A5F77BD0285}
		{D8E2DADC-6E0B-4A5B-BBA0-B47BAD41E70E} = {98B8CF57-0D5E-4E5C-90CA-7A5F77BD0285}
		{C7608BA4-6FC2-4644-A41B-08D5B0A0D4C2} = {98B8CF57-0D5E-4E5C-90CA-7A5F77BD0285}
		{0BECF65B-3220-41CB-8F4C-86E0A2040513} = {98B8CF57-0D5E-4E5C-90CA-7A5F77BD0285}
	EndGlobalSection
	GlobalSection(ExtensibilityGlobals) = postSolution
		SolutionGuid = {0C8FF4ED-8047-4334-8785-B894EF5F8591}
	EndGlobalSection
EndGlobal
